
Microsoft Visual Studio Solution File, Format Version 12.00
# Visual Studio Version 16
VisualStudioVersion = 16.0.30804.86
MinimumVisualStudioVersion = 10.0.40219.1
Project("{FAE04EC0-301F-11D3-BF4B-00C04F79EFBC}") = "ProjectMo.WebAPI", "ProjectMo.WebAPI\ProjectMo.WebAPI.csproj", "{AC5BE4D9-4602-4F35-BE56-BE9F4E84FD5E}"
EndProject
Project("{FAE04EC0-301F-11D3-BF4B-00C04F79EFBC}") = "ProjectMo.SQLDataAccess", "ProjectMo.SQLDataAccess\ProjectMo.SQLDataAccess.csproj", "{2D892E7F-3CF7-40D5-B89C-CE3F1134A6B2}"
EndProject
Project("{FAE04EC0-301F-11D3-BF4B-00C04F79EFBC}") = "ProjectMo.BusinessServices", "ProjectMo.BusinessServices\ProjectMo.BusinessServices.csproj", "{BA72CAA7-F7CE-429A-A3CE-227C6B624DAF}"
EndProject
Project("{FAE04EC0-301F-11D3-BF4B-00C04F79EFBC}") = "ProjectMo.DataModels", "ProjectMo.DataModels\ProjectMo.DataModels.csproj", "{6638C29A-2437-402F-86A4-89F60B02DAE6}"
EndProject
Global
	GlobalSection(SolutionConfigurationPlatforms) = preSolution
		Debug|Any CPU = Debug|Any CPU
		Release|Any CPU = Release|Any CPU
	EndGlobalSection
	GlobalSection(ProjectConfigurationPlatforms) = postSolution
		{AC5BE4D9-4602-4F35-BE56-BE9F4E84FD5E}.Debug|Any CPU.ActiveCfg = Debug|Any CPU
		{AC5BE4D9-4602-4F35-BE56-BE9F4E84FD5E}.Debug|Any CPU.Build.0 = Debug|Any CPU
		{AC5BE4D9-4602-4F35-BE56-BE9F4E84FD5E}.Release|Any CPU.ActiveCfg = Release|Any CPU
		{AC5BE4D9-4602-4F35-BE56-BE9F4E84FD5E}.Release|Any CPU.Build.0 = Release|Any CPU
		{2D892E7F-3CF7-40D5-B89C-CE3F1134A6B2}.Debug|Any CPU.ActiveCfg = Debug|Any CPU
		{2D892E7F-3CF7-40D5-B89C-CE3F1134A6B2}.Debug|Any CPU.Build.0 = Debug|Any CPU
		{2D892E7F-3CF7-40D5-B89C-CE3F1134A6B2}.Release|Any CPU.ActiveCfg = Release|Any CPU
		{2D892E7F-3CF7-40D5-B89C-CE3F1134A6B2}.Release|Any CPU.Build.0 = Release|Any CPU
		{BA72CAA7-F7CE-429A-A3CE-227C6B624DAF}.Debug|Any CPU.ActiveCfg = Debug|Any CPU
		{BA72CAA7-F7CE-429A-A3CE-227C6B624DAF}.Debug|Any CPU.Build.0 = Debug|Any CPU
		{BA72CAA7-F7CE-429A-A3CE-227C6B624DAF}.Release|Any CPU.ActiveCfg = Release|Any CPU
		{BA72CAA7-F7CE-429A-A3CE-227C6B624DAF}.Release|Any CPU.Build.0 = Release|Any CPU
		{6638C29A-2437-402F-86A4-89F60B02DAE6}.Debug|Any CPU.ActiveCfg = Debug|Any CPU
		{6638C29A-2437-402F-86A4-89F60B02DAE6}.Debug|Any CPU.Build.0 = Debug|Any CPU
		{6638C29A-2437-402F-86A4-89F60B02DAE6}.Release|Any CPU.ActiveCfg = Release|Any CPU
		{6638C29A-2437-402F-86A4-89F60B02DAE6}.Release|Any CPU.Build.0 = Release|Any CPU
	EndGlobalSection
	GlobalSection(SolutionProperties) = preSolution
		HideSolutionNode = FALSE
	EndGlobalSection
	GlobalSection(ExtensibilityGlobals) = postSolution
		SolutionGuid = {B04D9F25-BA17-499B-8E5B-1444946C7E6E}
	EndGlobalSection
EndGlobal
